# THIS IS AN AUTOGENERATED FILE. DO NOT EDIT THIS FILE DIRECTLY.
# yarn lockfile v1


mixpanel-browser@^2.13.0:
  version "2.13.0"
  resolved "https://registry.yarnpkg.com/mixpanel-browser/-/mixpanel-browser-2.13.0.tgz#eb526c8d34f8167595dfaa0f3894fc6595341aef"

sweetalert2@^6.6.8:
  version "6.6.8"
  resolved "https://registry.yarnpkg.com/sweetalert2/-/sweetalert2-6.6.8.tgz#d1cafd25b6ec1ea4cd43c02baac94637ff33eace"
